PODS:
  - Alamofire (4.8.1)
  - ExpandableCell (1.2.8)

DEPENDENCIES:
  - Alamofire
  - ExpandableCell

SPEC REPOS:
  https://github.com/cocoapods/specs.git:
    - Alamofire
  https://github.com/cocoapods/specs.git:
    - ExpandableCell

SPEC CHECKSUMS:
  Alamofire: 16ce2c353fb72865124ddae8a57c5942388f4f11
  ExpandableCell: a79824c52c1a30218aafcbfcdc42a0c3585a3b77

PODFILE CHECKSUM: ff8b8d6be85de2f8096debc5b77114fc7a64e556

COCOAPODS: 1.6.0
